
Microsoft Visual Studio Solution File, Format Version 12.00
# Visual Studio Version 17
VisualStudioVersion = 17.3.32929.385
MinimumVisualStudioVersion = 10.0.40219.1
Project("{FAE04EC0-301F-11D3-BF4B-00C04F79EFBC}") = "RefugioPerritos", "RefugioPerritos\RefugioPerritos.csproj", "{CD052B60-ED7F-4E35-9985-A744721E9C56}"
EndProject
Global
	GlobalSection(SolutionConfigurationPlatforms) = preSolution
		Debug|Any CPU = Debug|Any CPU
		Release|Any CPU = Release|Any CPU
	EndGlobalSection
	GlobalSection(ProjectConfigurationPlatforms) = postSolution
		{CD052B60-ED7F-4E35-9985-A744721E9C56}.Debug|Any CPU.ActiveCfg = Debug|Any CPU
		{CD052B60-ED7F-4E35-9985-A744721E9C56}.Debug|Any CPU.Build.0 = Debug|Any CPU
		{CD052B60-ED7F-4E35-9985-A744721E9C56}.Release|Any CPU.ActiveCfg = Release|Any CPU
		{CD052B60-ED7F-4E35-9985-A744721E9C56}.Release|Any CPU.Build.0 = Release|Any CPU
	EndGlobalSection
	GlobalSection(SolutionProperties) = preSolution
		HideSolutionNode = FALSE
	EndGlobalSection
	GlobalSection(ExtensibilityGlobals) = postSolution
		SolutionGuid = {E764657A-65DF-4CD9-981B-604B8206B177}
	EndGlobalSection
EndGlobal
